// !$*UTF8*$!
{
	archiveVersion = 1;
	classes = {
	};
	objectVersion = 56;
	objects = {

/* Begin PBXBuildFile section */
		F64256392A4B004F00E1E032 /* libWisentSerializer.dylib in Frameworks */ = {isa = PBXBuildFile; fileRef = F64256382A4B004F00E1E032 /* libWisentSerializer.dylib */; };
		F69301D22A4779D200817506 /* main.swift in Sources */ = {isa = PBXBuildFile; fileRef = F69301D12A4779D200817506 /* main.swift */; };
		F69301DB2A478F0C00817506 /* WisentBindings.c in Sources */ = {isa = PBXBuildFile; fileRef = F69301DA2A478F0C00817506 /* WisentBindings.c */; };
		F69C9A732A54734500C1506A /* Benchmark in Frameworks */ = {isa = PBXBuildFile; productRef = F69C9A722A54734500C1506A /* Benchmark */; };
/* End PBXBuildFile section */

/* Begin PBXCopyFilesBuildPhase section */
		F69301CC2A4779D200817506 /* CopyFiles */ = {
			isa = PBXCopyFilesBuildPhase;
			buildActionMask = 2147483647;
			dstPath = /usr/share/man/man1/;
			dstSubfolderSpec = 0;
			files = (
			);
			runOnlyForDeploymentPostprocessing = 1;
		};
/* End PBXCopyFilesBuildPhase section */

/* Begin PBXFileReference section */
		F64256382A4B004F00E1E032 /* libWisentSerializer.dylib */ = {isa = PBXFileReference; lastKnownFileType = "compiled.mach-o.dylib"; name = libWisentSerializer.dylib; path = ../build/libWisentSerializer.dylib; sourceTree = "<group>"; };
		F642563D2A4B065A00E1E032 /* WisentParser.entitlements */ = {isa = PBXFileReference; lastKnownFileType = text.plist.entitlements; path = WisentParser.entitlements; sourceTree = "<group>"; };
		F69301CE2A4779D200817506 /* WisentParser */ = {isa = PBXFileReference; explicitFileType = "compiled.mach-o.executable"; includeInIndex = 0; path = WisentParser; sourceTree = BUILT_PRODUCTS_DIR; };
		F69301D12A4779D200817506 /* main.swift */ = {isa = PBXFileReference; lastKnownFileType = sourcecode.swift; path = main.swift; sourceTree = "<group>"; };
		F69301D82A478F0C00817506 /* WisentParser-Bridging-Header.h */ = {isa = PBXFileReference; lastKnownFileType = sourcecode.c.h; path = "WisentParser-Bridging-Header.h"; sourceTree = "<group>"; };
		F69301D92A478F0C00817506 /* WisentBindings.h */ = {isa = PBXFileReference; lastKnownFileType = sourcecode.c.h; path = WisentBindings.h; sourceTree = "<group>"; };
		F69301DA2A478F0C00817506 /* WisentBindings.c */ = {isa = PBXFileReference; lastKnownFileType = sourcecode.c.c; path = WisentBindings.c; sourceTree = "<group>"; };
/* End PBXFileReference section */

/* Begin PBXFrameworksBuildPhase section */
		F69301CB2A4779D200817506 /* Frameworks */ = {
			isa = PBXFrameworksBuildPhase;
			buildActionMask = 2147483647;
			files = (
				F69C9A732A54734500C1506A /* Benchmark in Frameworks */,
				F64256392A4B004F00E1E032 /* libWisentSerializer.dylib in Frameworks */,
			);
			runOnlyForDeploymentPostprocessing = 0;
		};
/* End PBXFrameworksBuildPhase section */

/* Begin PBXGroup section */
		F69301C52A4779D200817506 = {
			isa = PBXGroup;
			children = (
				F64256382A4B004F00E1E032 /* libWisentSerializer.dylib */,
				F69301D02A4779D200817506 /* WisentParser */,
				F69301CF2A4779D200817506 /* Products */,
			);
			sourceTree = "<group>";
		};
		F69301CF2A4779D200817506 /* Products */ = {
			isa = PBXGroup;
			children = (
				F69301CE2A4779D200817506 /* WisentParser */,
			);
			name = Products;
			sourceTree = "<group>";
		};
		F69301D02A4779D200817506 /* WisentParser */ = {
			isa = PBXGroup;
			children = (
				F642563D2A4B065A00E1E032 /* WisentParser.entitlements */,
				F69301D12A4779D200817506 /* main.swift */,
				F69301D92A478F0C00817506 /* WisentBindings.h */,
				F69301DA2A478F0C00817506 /* WisentBindings.c */,
				F69301D82A478F0C00817506 /* WisentParser-Bridging-Header.h */,
			);
			path = WisentParser;
			sourceTree = "<group>";
		};
/* End PBXGroup section */

/* Begin PBXNativeTarget section */
		F69301CD2A4779D200817506 /* WisentParser */ = {
			isa = PBXNativeTarget;
			buildConfigurationList = F69301D52A4779D200817506 /* Build configuration list for PBXNativeTarget "WisentParser" */;
			buildPhases = (
				F69301CA2A4779D200817506 /* Sources */,
				F69301CB2A4779D200817506 /* Frameworks */,
				F69301CC2A4779D200817506 /* CopyFiles */,
			);
			buildRules = (
			);
			dependencies = (
			);
			name = WisentParser;
			packageProductDependencies = (
				F69C9A722A54734500C1506A /* Benchmark */,
			);
			productName = WisentParser;
			productReference = F69301CE2A4779D200817506 /* WisentParser */;
			productType = "com.apple.product-type.tool";
		};
/* End PBXNativeTarget section */

/* Begin PBXProject section */
		F69301C62A4779D200817506 /* Project object */ = {
			isa = PBXProject;
			attributes = {
				BuildIndependentTargetsInParallel = 1;
				LastSwiftUpdateCheck = 1430;
				LastUpgradeCheck = 1500;
				TargetAttributes = {
					F69301CD2A4779D200817506 = {
						CreatedOnToolsVersion = 14.3.1;
						LastSwiftMigration = 1430;
					};
				};
			};
			buildConfigurationList = F69301C92A4779D200817506 /* Build configuration list for PBXProject "WisentParser" */;
			compatibilityVersion = "Xcode 14.0";
			developmentRegion = en;
			hasScannedForEncodings = 0;
			knownRegions = (
				en,
				Base,
			);
			mainGroup = F69301C52A4779D200817506;
			packageReferences = (
				F69C9A712A54734500C1506A /* XCRemoteSwiftPackageReference "swift-benchmark" */,
			);
			productRefGroup = F69301CF2A4779D200817506 /* Products */;
			projectDirPath = "";
			projectRoot = "";
			targets = (
				F69301CD2A4779D200817506 /* WisentParser */,
			);
		};
/* End PBXProject section */

/* Begin PBXSourcesBuildPhase section */
		F69301CA2A4779D200817506 /* Sources */ = {
			isa = PBXSourcesBuildPhase;
			buildActionMask = 2147483647;
			files = (
				F69301D22A4779D200817506 /* main.swift in Sources */,
				F69301DB2A478F0C00817506 /* WisentBindings.c in Sources */,
			);
			runOnlyForDeploymentPostprocessing = 0;
		};
/* End PBXSourcesBuildPhase section */

/* Begin XCBuildConfiguration section */
		F69301D32A4779D200817506 /* Debug */ = {
			isa = XCBuildConfiguration;
			buildSettings = {
				ALWAYS_SEARCH_USER_PATHS = NO;
				CLANG_ANALYZER_NONNULL = YES;
				CLANG_ANALYZER_NUMBER_OBJECT_CONVERSION = YES_AGGRESSIVE;
				CLANG_CXX_LANGUAGE_STANDARD = "gnu++20";
				CLANG_ENABLE_MODULES = YES;
				CLANG_ENABLE_OBJC_ARC = YES;
				CLANG_ENABLE_OBJC_WEAK = YES;
				CLANG_WARN_BLOCK_CAPTURE_AUTORELEASING = YES;
				CLANG_WARN_BOOL_CONVERSION = YES;
				CLANG_WARN_COMMA = YES;
				CLANG_WARN_CONSTANT_CONVERSION = YES;
				CLANG_WARN_DEPRECATED_OBJC_IMPLEMENTATIONS = YES;
				CLANG_WARN_DIRECT_OBJC_ISA_USAGE = YES_ERROR;
				CLANG_WARN_DOCUMENTATION_COMMENTS = YES;
				CLANG_WARN_EMPTY_BODY = YES;
				CLANG_WARN_ENUM_CONVERSION = YES;
				CLANG_WARN_INFINITE_RECURSION = YES;
				CLANG_WARN_INT_CONVERSION = YES;
				CLANG_WARN_NON_LITERAL_NULL_CONVERSION = YES;
				CLANG_WARN_OBJC_IMPLICIT_RETAIN_SELF = YES;
				CLANG_WARN_OBJC_LITERAL_CONVERSION = YES;
				CLANG_WARN_OBJC_ROOT_CLASS = YES_ERROR;
				CLANG_WARN_QUOTED_INCLUDE_IN_FRAMEWORK_HEADER = YES;
				CLANG_WARN_RANGE_LOOP_ANALYSIS = YES;
				CLANG_WARN_STRICT_PROTOTYPES = YES;
				CLANG_WARN_SUSPICIOUS_MOVE = YES;
				CLANG_WARN_UNGUARDED_AVAILABILITY = YES_AGGRESSIVE;
				CLANG_WARN_UNREACHABLE_CODE = YES;
				CLANG_WARN__DUPLICATE_METHOD_MATCH = YES;
				COPY_PHASE_STRIP = NO;
				DEAD_CODE_STRIPPING = YES;
				DEBUG_INFORMATION_FORMAT = dwarf;
				ENABLE_STRICT_OBJC_MSGSEND = YES;
				ENABLE_TESTABILITY = YES;
				ENABLE_USER_SCRIPT_SANDBOXING = YES;
				GCC_C_LANGUAGE_STANDARD = gnu11;
				GCC_DYNAMIC_NO_PIC = NO;
				GCC_NO_COMMON_BLOCKS = YES;
				GCC_OPTIMIZATION_LEVEL = 0;
				GCC_PREPROCESSOR_DEFINITIONS = (
					"DEBUG=1",
					"$(inherited)",
				);
				GCC_WARN_64_TO_32_BIT_CONVERSION = YES;
				GCC_WARN_ABOUT_RETURN_TYPE = YES_ERROR;
				GCC_WARN_UNDECLARED_SELECTOR = YES;
				GCC_WARN_UNINITIALIZED_AUTOS = YES_AGGRESSIVE;
				GCC_WARN_UNUSED_FUNCTION = YES;
				GCC_WARN_UNUSED_VARIABLE = YES;
				MACOSX_DEPLOYMENT_TARGET = 13.3;
				MTL_ENABLE_DEBUG_INFO = INCLUDE_SOURCE;
				MTL_FAST_MATH = YES;
				ONLY_ACTIVE_ARCH = YES;
				SDKROOT = macosx;
				SWIFT_ACTIVE_COMPILATION_CONDITIONS = DEBUG;
				SWIFT_OBJC_INTEROP_MODE = objcxx;
				SWIFT_OPTIMIZATION_LEVEL = "-Onone";
			};
			name = Debug;
		};
		F69301D42A4779D200817506 /* Release */ = {
			isa = XCBuildConfiguration;
			buildSettings = {
				ALWAYS_SEARCH_USER_PATHS = NO;
				CLANG_ANALYZER_NONNULL = YES;
				CLANG_ANALYZER_NUMBER_OBJECT_CONVERSION = YES_AGGRESSIVE;
				CLANG_CXX_LANGUAGE_STANDARD = "gnu++20";
				CLANG_ENABLE_MODULES = YES;
				CLANG_ENABLE_OBJC_ARC = YES;
				CLANG_ENABLE_OBJC_WEAK = YES;
				CLANG_WARN_BLOCK_CAPTURE_AUTORELEASING = YES;
				CLANG_WARN_BOOL_CONVERSION = YES;
				CLANG_WARN_COMMA = YES;
				CLANG_WARN_CONSTANT_CONVERSION = YES;
				CLANG_WARN_DEPRECATED_OBJC_IMPLEMENTATIONS = YES;
				CLANG_WARN_DIRECT_OBJC_ISA_USAGE = YES_ERROR;
				CLANG_WARN_DOCUMENTATION_COMMENTS = YES;
				CLANG_WARN_EMPTY_BODY = YES;
				CLANG_WARN_ENUM_CONVERSION = YES;
				CLANG_WARN_INFINITE_RECURSION = YES;
				CLANG_WARN_INT_CONVERSION = YES;
				CLANG_WARN_NON_LITERAL_NULL_CONVERSION = YES;
				CLANG_WARN_OBJC_IMPLICIT_RETAIN_SELF = YES;
				CLANG_WARN_OBJC_LITERAL_CONVERSION = YES;
				CLANG_WARN_OBJC_ROOT_CLASS = YES_ERROR;
				CLANG_WARN_QUOTED_INCLUDE_IN_FRAMEWORK_HEADER = YES;
				CLANG_WARN_RANGE_LOOP_ANALYSIS = YES;
				CLANG_WARN_STRICT_PROTOTYPES = YES;
				CLANG_WARN_SUSPICIOUS_MOVE = YES;
				CLANG_WARN_UNGUARDED_AVAILABILITY = YES_AGGRESSIVE;
				CLANG_WARN_UNREACHABLE_CODE = YES;
				CLANG_WARN__DUPLICATE_METHOD_MATCH = YES;
				COPY_PHASE_STRIP = NO;
				DEAD_CODE_STRIPPING = YES;
				DEBUG_INFORMATION_FORMAT = "dwarf-with-dsym";
				ENABLE_NS_ASSERTIONS = NO;
				ENABLE_STRICT_OBJC_MSGSEND = YES;
				ENABLE_USER_SCRIPT_SANDBOXING = YES;
				GCC_C_LANGUAGE_STANDARD = gnu11;
				GCC_NO_COMMON_BLOCKS = YES;
				GCC_WARN_64_TO_32_BIT_CONVERSION = YES;
				GCC_WARN_ABOUT_RETURN_TYPE = YES_ERROR;
				GCC_WARN_UNDECLARED_SELECTOR = YES;
				GCC_WARN_UNINITIALIZED_AUTOS = YES_AGGRESSIVE;
				GCC_WARN_UNUSED_FUNCTION = YES;
				GCC_WARN_UNUSED_VARIABLE = YES;
				MACOSX_DEPLOYMENT_TARGET = 13.3;
				MTL_ENABLE_DEBUG_INFO = NO;
				MTL_FAST_MATH = YES;
				SDKROOT = macosx;
				SWIFT_COMPILATION_MODE = wholemodule;
				SWIFT_OBJC_INTEROP_MODE = objcxx;
				SWIFT_OPTIMIZATION_LEVEL = "-O";
			};
			name = Release;
		};
		F69301D62A4779D200817506 /* Debug */ = {
			isa = XCBuildConfiguration;
			buildSettings = {
				CLANG_ENABLE_MODULES = YES;
				CODE_SIGN_ENTITLEMENTS = WisentParser/WisentParser.entitlements;
				CODE_SIGN_STYLE = Automatic;
				DEAD_CODE_STRIPPING = YES;
				DEVELOPMENT_TEAM = W2VSXJJKBU;
				ENABLE_HARDENED_RUNTIME = YES;
				GCC_OPTIMIZATION_LEVEL = 3;
				LD_RUNPATH_SEARCH_PATHS = "$(SRCROOT)/../build";
				LIBRARY_SEARCH_PATHS = ../build;
				PRODUCT_NAME = "$(TARGET_NAME)";
				REEXPORTED_LIBRARY_PATHS = "";
				SWIFT_DISABLE_SAFETY_CHECKS = YES;
				SWIFT_OBJC_BRIDGING_HEADER = "WisentParser/WisentParser-Bridging-Header.h";
				SWIFT_OPTIMIZATION_LEVEL = "-O";
				SWIFT_VERSION = 5.0;
				SYSTEM_HEADER_SEARCH_PATHS = ../Source/;
			};
			name = Debug;
		};
		F69301D72A4779D200817506 /* Release */ = {
			isa = XCBuildConfiguration;
			buildSettings = {
				ARCHS = "$(ARCHS_STANDARD)";
				CLANG_ENABLE_MODULES = YES;
				CODE_SIGN_ENTITLEMENTS = WisentParser/WisentParser.entitlements;
				CODE_SIGN_STYLE = Automatic;
				DEAD_CODE_STRIPPING = YES;
				DEVELOPMENT_TEAM = W2VSXJJKBU;
				ENABLE_HARDENED_RUNTIME = YES;
				GCC_OPTIMIZATION_LEVEL = 3;
				LD_RUNPATH_SEARCH_PATHS = "$(SRCROOT)/../build";
				LIBRARY_SEARCH_PATHS = ../build;
				ONLY_ACTIVE_ARCH = YES;
				PRODUCT_NAME = "$(TARGET_NAME)";
				REEXPORTED_LIBRARY_PATHS = "";
				SWIFT_DISABLE_SAFETY_CHECKS = YES;
				SWIFT_OBJC_BRIDGING_HEADER = "WisentParser/WisentParser-Bridging-Header.h";
				SWIFT_VERSION = 5.0;
				SYSTEM_HEADER_SEARCH_PATHS = ../Source/;
			};
			name = Release;
		};
/* End XCBuildConfiguration section */

/* Begin XCConfigurationList section */
		F69301C92A4779D200817506 /* Build configuration list for PBXProject "WisentParser" */ = {
			isa = XCConfigurationList;
			buildConfigurations = (
				F69301D32A4779D200817506 /* Debug */,
				F69301D42A4779D200817506 /* Release */,
			);
			defaultConfigurationIsVisible = 0;
			defaultConfigurationName = Release;
		};
		F69301D52A4779D200817506 /* Build configuration list for PBXNativeTarget "WisentParser" */ = {
			isa = XCConfigurationList;
			buildConfigurations = (
				F69301D62A4779D200817506 /* Debug */,
				F69301D72A4779D200817506 /* Release */,
			);
			defaultConfigurationIsVisible = 0;
			defaultConfigurationName = Release;
		};
/* End XCConfigurationList section */

/* Begin XCRemoteSwiftPackageReference section */
		F69C9A712A54734500C1506A /* XCRemoteSwiftPackageReference "swift-benchmark" */ = {
			isa = XCRemoteSwiftPackageReference;
			repositoryURL = "https://github.com/google/swift-benchmark";
			requirement = {
				kind = upToNextMajorVersion;
				minimumVersion = 0.1.2;
			};
		};
/* End XCRemoteSwiftPackageReference section */

/* Begin XCSwiftPackageProductDependency section */
		F69C9A722A54734500C1506A /* Benchmark */ = {
			isa = XCSwiftPackageProductDependency;
			package = F69C9A712A54734500C1506A /* XCRemoteSwiftPackageReference "swift-benchmark" */;
			productName = Benchmark;
		};
/* End XCSwiftPackageProductDependency section */
	};
	rootObject = F69301C62A4779D200817506 /* Project object */;
}
